// !$*UTF8*$!
{
	archiveVersion = 1;
	classes = {
	};
	objectVersion = 46;
	objects = {

/* Begin PBXBuildFile section */
		7005D2F31F484A3F009AEA77 /* AppDelegate.swift in Sources */ = {isa = PBXBuildFile; fileRef = 7005D2F21F484A3F009AEA77 /* AppDelegate.swift */; };
		7005D2F51F484A3F009AEA77 /* GameScene.sks in Resources */ = {isa = PBXBuildFile; fileRef = 7005D2F41F484A3F009AEA77 /* GameScene.sks */; };
		7005D2F71F484A3F009AEA77 /* Actions.sks in Resources */ = {isa = PBXBuildFile; fileRef = 7005D2F61F484A3F009AEA77 /* Actions.sks */; };
		7005D2F91F484A3F009AEA77 /* GameScene.swift in Sources */ = {isa = PBXBuildFile; fileRef = 7005D2F81F484A3F009AEA77 /* GameScene.swift */; };
		7005D2FB1F484A3F009AEA77 /* GameViewController.swift in Sources */ = {isa = PBXBuildFile; fileRef = 7005D2FA1F484A3F009AEA77 /* GameViewController.swift */; };
		7005D2FE1F484A3F009AEA77 /* Main.storyboard in Resources */ = {isa = PBXBuildFile; fileRef = 7005D2FC1F484A3F009AEA77 /* Main.storyboard */; };
		7005D3001F484A3F009AEA77 /* Assets.xcassets in Resources */ = {isa = PBXBuildFile; fileRef = 7005D2FF1F484A3F009AEA77 /* Assets.xcassets */; };
		7005D3031F484A3F009AEA77 /* LaunchScreen.storyboard in Resources */ = {isa = PBXBuildFile; fileRef = 7005D3011F484A3F009AEA77 /* LaunchScreen.storyboard */; };
/* End PBXBuildFile section */

/* Begin PBXFileReference section */
		7005D2EF1F484A3F009AEA77 /* MissionEarth.app */ = {isa = PBXFileReference; explicitFileType = wrapper.application; includeInIndex = 0; path = MissionEarth.app; sourceTree = BUILT_PRODUCTS_DIR; };
		7005D2F21F484A3F009AEA77 /* AppDelegate.swift */ = {isa = PBXFileReference; lastKnownFileType = sourcecode.swift; path = AppDelegate.swift; sourceTree = "<group>"; };
		7005D2F41F484A3F009AEA77 /* GameScene.sks */ = {isa = PBXFileReference; lastKnownFileType = file.sks; path = GameScene.sks; sourceTree = "<group>"; };
		7005D2F61F484A3F009AEA77 /* Actions.sks */ = {isa = PBXFileReference; lastKnownFileType = file.sks; path = Actions.sks; sourceTree = "<group>"; };
		7005D2F81F484A3F009AEA77 /* GameScene.swift */ = {isa = PBXFileReference; lastKnownFileType = sourcecode.swift; path = GameScene.swift; sourceTree = "<group>"; };
		7005D2FA1F484A3F009AEA77 /* GameViewController.swift */ = {isa = PBXFileReference; lastKnownFileType = sourcecode.swift; path = GameViewController.swift; sourceTree = "<group>"; };
		7005D2FD1F484A3F009AEA77 /* Base */ = {isa = PBXFileReference; lastKnownFileType = file.storyboard; name = Base; path = Base.lproj/Main.storyboard; sourceTree = "<group>"; };
		7005D2FF1F484A3F009AEA77 /* Assets.xcassets */ = {isa = PBXFileReference; lastKnownFileType = folder.assetcatalog; path = Assets.xcassets; sourceTree = "<group>"; };
		7005D3021F484A3F009AEA77 /* Base */ = {isa = PBXFileReference; lastKnownFileType = file.storyboard; name = Base; path = Base.lproj/LaunchScreen.storyboard; sourceTree = "<group>"; };
		7005D3041F484A3F009AEA77 /* Info.plist */ = {isa = PBXFileReference; lastKnownFileType = text.plist.xml; path = Info.plist; sourceTree = "<group>"; };
/* End PBXFileReference section */

/* Begin PBXFrameworksBuildPhase section */
		7005D2EC1F484A3F009AEA77 /* Frameworks */ = {
			isa = PBXFrameworksBuildPhase;
			buildActionMask = 2147483647;
			files = (
			);
			runOnlyForDeploymentPostprocessing = 0;
		};
/* End PBXFrameworksBuildPhase section */

/* Begin PBXGroup section */
		7005D2E61F484A3F009AEA77 = {
			isa = PBXGroup;
			children = (
				7005D2F11F484A3F009AEA77 /* MissionEarth */,
				7005D2F01F484A3F009AEA77 /* Products */,
			);
			sourceTree = "<group>";
		};
		7005D2F01F484A3F009AEA77 /* Products */ = {
			isa = PBXGroup;
			children = (
				7005D2EF1F484A3F009AEA77 /* MissionEarth.app */,
			);
			name = Products;
			sourceTree = "<group>";
		};
		7005D2F11F484A3F009AEA77 /* MissionEarth */ = {
			isa = PBXGroup;
			children = (
				7005D2F21F484A3F009AEA77 /* AppDelegate.swift */,
				7005D2F41F484A3F009AEA77 /* GameScene.sks */,
				7005D2F61F484A3F009AEA77 /* Actions.sks */,
				7005D2F81F484A3F009AEA77 /* GameScene.swift */,
				7005D2FA1F484A3F009AEA77 /* GameViewController.swift */,
				7005D2FC1F484A3F009AEA77 /* Main.storyboard */,
				7005D2FF1F484A3F009AEA77 /* Assets.xcassets */,
				7005D3011F484A3F009AEA77 /* LaunchScreen.storyboard */,
				7005D3041F484A3F009AEA77 /* Info.plist */,
			);
			path = MissionEarth;
			sourceTree = "<group>";
		};
/* End PBXGroup section */

/* Begin PBXNativeTarget section */
		7005D2EE1F484A3F009AEA77 /* MissionEarth */ = {
			isa = PBXNativeTarget;
			buildConfigurationList = 7005D3071F484A3F009AEA77 /* Build configuration list for PBXNativeTarget "MissionEarth" */;
			buildPhases = (
				7005D2EB1F484A3F009AEA77 /* Sources */,
				7005D2EC1F484A3F009AEA77 /* Frameworks */,
				7005D2ED1F484A3F009AEA77 /* Resources */,
			);
			buildRules = (
			);
			dependencies = (
			);
			name = MissionEarth;
			productName = MissionEarth;
			productReference = 7005D2EF1F484A3F009AEA77 /* MissionEarth.app */;
			productType = "com.apple.product-type.application";
		};
/* End PBXNativeTarget section */

/* Begin PBXProject section */
		7005D2E71F484A3F009AEA77 /* Project object */ = {
			isa = PBXProject;
			attributes = {
				LastSwiftUpdateCheck = 0830;
				LastUpgradeCheck = 0830;
				ORGANIZATIONNAME = egoDev;
				TargetAttributes = {
					7005D2EE1F484A3F009AEA77 = {
						CreatedOnToolsVersion = 8.3.3;
						DevelopmentTeam = 895Q7MTPTC;
						ProvisioningStyle = Automatic;
					};
				};
			};
			buildConfigurationList = 7005D2EA1F484A3F009AEA77 /* Build configuration list for PBXProject "MissionEarth" */;
			compatibilityVersion = "Xcode 3.2";
			developmentRegion = English;
			hasScannedForEncodings = 0;
			knownRegions = (
				en,
				Base,
			);
			mainGroup = 7005D2E61F484A3F009AEA77;
			productRefGroup = 7005D2F01F484A3F009AEA77 /* Products */;
			projectDirPath = "";
			projectRoot = "";
			targets = (
				7005D2EE1F484A3F009AEA77 /* MissionEarth */,
			);
		};
/* End PBXProject section */

/* Begin PBXResourcesBuildPhase section */
		7005D2ED1F484A3F009AEA77 /* Resources */ = {
			isa = PBXResourcesBuildPhase;
			buildActionMask = 2147483647;
			files = (
				7005D2FE1F484A3F009AEA77 /* Main.storyboard in Resources */,
				7005D2F51F484A3F009AEA77 /* GameScene.sks in Resources */,
				7005D3001F484A3F009AEA77 /* Assets.xcassets in Resources */,
				7005D3031F484A3F009AEA77 /* LaunchScreen.storyboard in Resources */,
				7005D2F71F484A3F009AEA77 /* Actions.sks in Resources */,
			);
			runOnlyForDeploymentPostprocessing = 0;
		};
/* End PBXResourcesBuildPhase section */

/* Begin PBXSourcesBuildPhase section */
		7005D2EB1F484A3F009AEA77 /* Sources */ = {
			isa = PBXSourcesBuildPhase;
			buildActionMask = 2147483647;
			files = (
				7005D2F91F484A3F009AEA77 /* GameScene.swift in Sources */,
				7005D2FB1F484A3F009AEA77 /* GameViewController.swift in Sources */,
				7005D2F31F484A3F009AEA77 /* AppDelegate.swift in Sources */,
			);
			runOnlyForDeploymentPostprocessing = 0;
		};
/* End PBXSourcesBuildPhase section */

/* Begin PBXVariantGroup section */
		7005D2FC1F484A3F009AEA77 /* Main.storyboard */ = {
			isa = PBXVariantGroup;
			children = (
				7005D2FD1F484A3F009AEA77 /* Base */,
			);
			name = Main.storyboard;
			sourceTree = "<group>";
		};
		7005D3011F484A3F009AEA77 /* LaunchScreen.storyboard */ = {
			isa = PBXVariantGroup;
			children = (
				7005D3021F484A3F009AEA77 /* Base */,
			);
			name = LaunchScreen.storyboard;
			sourceTree = "<group>";
		};
/* End PBXVariantGroup section */

/* Begin XCBuildConfiguration section */
		7005D3051F484A3F009AEA77 /* Debug */ = {
			isa = XCBuildConfiguration;
			buildSettings = {
				ALWAYS_SEARCH_USER_PATHS = NO;
				CLANG_ANALYZER_NONNULL = YES;
				CLANG_ANALYZER_NUMBER_OBJECT_CONVERSION = YES_AGGRESSIVE;
				CLANG_CXX_LANGUAGE_STANDARD = "gnu++0x";
				CLANG_CXX_LIBRARY = "libc++";
				CLANG_ENABLE_MODULES = YES;
				CLANG_ENABLE_OBJC_ARC = YES;
				CLANG_WARN_BOOL_CONVERSION = YES;
				CLANG_WARN_CONSTANT_CONVERSION = YES;
				CLANG_WARN_DIRECT_OBJC_ISA_USAGE = YES_ERROR;
				CLANG_WARN_DOCUMENTATION_COMMENTS = YES;
				CLANG_WARN_EMPTY_BODY = YES;
				CLANG_WARN_ENUM_CONVERSION = YES;
				CLANG_WARN_INFINITE_RECURSION = YES;
				CLANG_WARN_INT_CONVERSION = YES;
				CLANG_WARN_OBJC_ROOT_CLASS = YES_ERROR;
				CLANG_WARN_SUSPICIOUS_MOVE = YES;
				CLANG_WARN_UNREACHABLE_CODE = YES;
				CLANG_WARN__DUPLICATE_METHOD_MATCH = YES;
				"CODE_SIGN_IDENTITY[sdk=iphoneos*]" = "iPhone Developer";
				COPY_PHASE_STRIP = NO;
				DEBUG_INFORMATION_FORMAT = dwarf;
				ENABLE_STRICT_OBJC_MSGSEND = YES;
				ENABLE_TESTABILITY = YES;
				GCC_C_LANGUAGE_STANDARD = gnu99;
				GCC_DYNAMIC_NO_PIC = NO;
				GCC_NO_COMMON_BLOCKS = YES;
				GCC_OPTIMIZATION_LEVEL = 0;
				GCC_PREPROCESSOR_DEFINITIONS = (
					"DEBUG=1",
					"$(inherited)",
				);
				GCC_WARN_64_TO_32_BIT_CONVERSION = YES;
				GCC_WARN_ABOUT_RETURN_TYPE = YES_ERROR;
				GCC_WARN_UNDECLARED_SELECTOR = YES;
				GCC_WARN_UNINITIALIZED_AUTOS = YES_AGGRESSIVE;
				GCC_WARN_UNUSED_FUNCTION = YES;
				GCC_WARN_UNUSED_VARIABLE = YES;
				IPHONEOS_DEPLOYMENT_TARGET = 10.3;
				MTL_ENABLE_DEBUG_INFO = YES;
				ONLY_ACTIVE_ARCH = YES;
				SDKROOT = iphoneos;
				SWIFT_ACTIVE_COMPILATION_CONDITIONS = DEBUG;
				SWIFT_OPTIMIZATION_LEVEL = "-Onone";
			};
			name = Debug;
		};
		7005D3061F484A3F009AEA77 /* Release */ = {
			isa = XCBuildConfiguration;
			buildSettings = {
				ALWAYS_SEARCH_USER_PATHS = NO;
				CLANG_ANALYZER_NONNULL = YES;
				CLANG_ANALYZER_NUMBER_OBJECT_CONVERSION = YES_AGGRESSIVE;
				CLANG_CXX_LANGUAGE_STANDARD = "gnu++0x";
				CLANG_CXX_LIBRARY = "libc++";
				CLANG_ENABLE_MODULES = YES;
				CLANG_ENABLE_OBJC_ARC = YES;
				CLANG_WARN_BOOL_CONVERSION = YES;
				CLANG_WARN_CONSTANT_CONVERSION = YES;
				CLANG_WARN_DIRECT_OBJC_ISA_USAGE = YES_ERROR;
				CLANG_WARN_DOCUMENTATION_COMMENTS = YES;
				CLANG_WARN_EMPTY_BODY = YES;
				CLANG_WARN_ENUM_CONVERSION = YES;
				CLANG_WARN_INFINITE_RECURSION = YES;
				CLANG_WARN_INT_CONVERSION = YES;
				CLANG_WARN_OBJC_ROOT_CLASS = YES_ERROR;
				CLANG_WARN_SUSPICIOUS_MOVE = YES;
				CLANG_WARN_UNREACHABLE_CODE = YES;
				CLANG_WARN__DUPLICATE_METHOD_MATCH = YES;
				"CODE_SIGN_IDENTITY[sdk=iphoneos*]" = "iPhone Developer";
				COPY_PHASE_STRIP = NO;
				DEBUG_INFORMATION_FORMAT = "dwarf-with-dsym";
				ENABLE_NS_ASSERTIONS = NO;
				ENABLE_STRICT_OBJC_MSGSEND = YES;
				GCC_C_LANGUAGE_STANDARD = gnu99;
				GCC_NO_COMMON_BLOCKS = YES;
				GCC_WARN_64_TO_32_BIT_CONVERSION = YES;
				GCC_WARN_ABOUT_RETURN_TYPE = YES_ERROR;
				GCC_WARN_UNDECLARED_SELECTOR = YES;
				GCC_WARN_UNINITIALIZED_AUTOS = YES_AGGRESSIVE;
				GCC_WARN_UNUSED_FUNCTION = YES;
				GCC_WARN_UNUSED_VARIABLE = YES;
				IPHONEOS_DEPLOYMENT_TARGET = 10.3;
				MTL_ENABLE_DEBUG_INFO = NO;
				SDKROOT = iphoneos;
				SWIFT_OPTIMIZATION_LEVEL = "-Owholemodule";
				VALIDATE_PRODUCT = YES;
			};
			name = Release;
		};
		7005D3081F484A3F009AEA77 /* Debug */ = {
			isa = XCBuildConfiguration;
			buildSettings = {
				ASSETCATALOG_COMPILER_APPICON_NAME = AppIcon;
				DEVELOPMENT_TEAM = 895Q7MTPTC;
				INFOPLIST_FILE = MissionEarth/Info.plist;
				LD_RUNPATH_SEARCH_PATHS = "$(inherited) @executable_path/Frameworks";
				PRODUCT_BUNDLE_IDENTIFIER = co.uk.egodev.MissionEarth;
				PRODUCT_NAME = "$(TARGET_NAME)";
				SWIFT_VERSION = 3.0;
			};
			name = Debug;
		};
		7005D3091F484A3F009AEA77 /* Release */ = {
			isa = XCBuildConfiguration;
			buildSettings = {
				ASSETCATALOG_COMPILER_APPICON_NAME = AppIcon;
				DEVELOPMENT_TEAM = 895Q7MTPTC;
				INFOPLIST_FILE = MissionEarth/Info.plist;
				LD_RUNPATH_SEARCH_PATHS = "$(inherited) @executable_path/Frameworks";
				PRODUCT_BUNDLE_IDENTIFIER = co.uk.egodev.MissionEarth;
				PRODUCT_NAME = "$(TARGET_NAME)";
				SWIFT_VERSION = 3.0;
			};
			name = Release;
		};
/* End XCBuildConfiguration section */

/* Begin XCConfigurationList section */
		7005D2EA1F484A3F009AEA77 /* Build configuration list for PBXProject "MissionEarth" */ = {
			isa = XCConfigurationList;
			buildConfigurations = (
				7005D3051F484A3F009AEA77 /* Debug */,
				7005D3061F484A3F009AEA77 /* Release */,
			);
			defaultConfigurationIsVisible = 0;
			defaultConfigurationName = Release;
		};
		7005D3071F484A3F009AEA77 /* Build configuration list for PBXNativeTarget "MissionEarth" */ = {
			isa = XCConfigurationList;
			buildConfigurations = (
				7005D3081F484A3F009AEA77 /* Debug */,
				7005D3091F484A3F009AEA77 /* Release */,
			);
			defaultConfigurationIsVisible = 0;
		};
/* End XCConfigurationList section */
	};
	rootObject = 7005D2E71F484A3F009AEA77 /* Project object */;
}
